{
  "name": "szakacskonyv",
  "lockfileVersion": 2,
  "requires": true,
  "packages": {
    "": {
      "dependencies": {
        "fast-xml-parser": "^4.0.9",
        "vue-froala-wysiwyg": "^4.0.14"
      }
    },
    "node_modules/@babel/runtime-corejs2": {
      "version": "7.19.2",
      "resolved": "https://registry.npmjs.org/@babel/runtime-corejs2/-/runtime-corejs2-7.19.2.tgz",
      "integrity": "sha512-XofFIUXoVSuIabaED6ZNzvQ5iFzwQ3rnflnJTlMfmaZ9MHi+fmPk0iAwA6J6+8tC2UVshfyWPxIDmTKR+fRofA==",
      "dependencies": {
        "core-js": "^2.6.12",
        "regenerator-runtime": "^0.13.4"
      },
      "engines": {
        "node": ">=6.9.0"
      }
    },
    "node_modules/babel-runtime": {
      "version": "6.26.0",
      "resolved": "https://registry.npmjs.org/babel-runtime/-/babel-runtime-6.26.0.tgz",
      "integrity": "sha512-ITKNuq2wKlW1fJg9sSW52eepoYgZBggvOAHC0u/CYu/qxQ9EVzThCgR69BnSXLHjy2f7SY5zaQ4yt7H9ZVxY2g==",
      "dependencies": {
        "core-js": "^2.4.0",
        "regenerator-runtime": "^0.11.0"
      }
    },
    "node_modules/babel-runtime/node_modules/regenerator-runtime": {
      "version": "0.11.1",
      "resolved": "https://registry.npmjs.org/regenerator-runtime/-/regenerator-runtime-0.11.1.tgz",
      "integrity": "sha512-MguG95oij0fC3QV3URf4V2SDYGJhJnJGqvIIgdECeODCT98wSWDAJ94SSuVpYQUoTcGUIL6L4yNB7j1DFFHSBg=="
    },
    "node_modules/core-js": {
      "version": "2.6.12",
      "resolved": "https://registry.npmjs.org/core-js/-/core-js-2.6.12.tgz",
      "integrity": "sha512-Kb2wC0fvsWfQrgk8HU5lW6U/Lcs8+9aaYcy4ZFc6DDlo4nZ7n70dEgE5rtR0oG6ufKDUnrwfWL1mXR5ljDatrQ==",
      "deprecated": "core-js@<3.23.3 is no longer maintained and not recommended for usage due to the number of issues. Because of the V8 engine whims, feature detection in old core-js versions could cause a slowdown up to 100x even if nothing is polyfilled. Some versions have web compatibility issues. Please, upgrade your dependencies to the actual version of core-js.",
      "hasInstallScript": true
    },
    "node_modules/fast-xml-parser": {
      "version": "4.0.9",
      "resolved": "https://registry.npmjs.org/fast-xml-parser/-/fast-xml-parser-4.0.9.tgz",
      "integrity": "sha512-4G8EzDg2Nb1Qurs3f7BpFV4+jpMVsdgLVuG1Uv8O2OHJfVCg7gcA53obuKbmVqzd4Y7YXVBK05oJG7hzGIdyzg==",
      "dependencies": {
        "strnum": "^1.0.5"
      },
      "bin": {
        "fxparser": "src/cli/cli.js"
      },
      "funding": {
        "type": "paypal",
        "url": "https://paypal.me/naturalintelligence"
      }
    },
    "node_modules/froala-editor": {
      "version": "4.0.14",
      "resolved": "https://registry.npmjs.org/froala-editor/-/froala-editor-4.0.14.tgz",
      "integrity": "sha512-TMOaFszxfwP+R6JBRyovumncZipAPFWBHO3cMEPu994kgchTlTG2/YF4P0MRBgOCvpL0WLDKUpFzqG4oZ+xr0A=="
    },
    "node_modules/regenerator-runtime": {
      "version": "0.13.9",
      "resolved": "https://registry.npmjs.org/regenerator-runtime/-/regenerator-runtime-0.13.9.tgz",
      "integrity": "sha512-p3VT+cOEgxFsRRA9X4lkI1E+k2/CtnKtU4gcxyaCUreilL/vqI6CdZ3wxVUx3UOUg+gnUOQQcRI7BmSI656MYA=="
    },
    "node_modules/strnum": {
      "version": "1.0.5",
      "resolved": "https://registry.npmjs.org/strnum/-/strnum-1.0.5.tgz",
      "integrity": "sha512-J8bbNyKKXl5qYcR36TIO8W3mVGVHrmmxsd5PAItGkmyzwJvybiw2IVq5nqd0i4LSNSkB/sx9VHllbfFdr9k1JA=="
    },
    "node_modules/vue": {
      "version": "2.6.6",
      "resolved": "https://registry.npmjs.org/vue/-/vue-2.6.6.tgz",
      "integrity": "sha512-Y2DdOZD8sxApS+iUlwv1v8U1qN41kq6Kw45lM6nVZKhygeWA49q7VCCXkjXqeDBXgurrKWkYQ9cJeEJwAq0b9Q=="
    },
    "node_modules/vue-froala-wysiwyg": {
      "version": "4.0.14",
      "resolved": "https://registry.npmjs.org/vue-froala-wysiwyg/-/vue-froala-wysiwyg-4.0.14.tgz",
      "integrity": "sha512-aqNFcg/XtEGhdr4Od5tRcbSplpf44+cDuFmJ+xCoTU2WItokRWs3iiZoni17mNFTWBt9W570ZYOZvCCKz1OtHw==",
      "dependencies": {
        "@babel/runtime-corejs2": "^7.7.7",
        "babel-runtime": "^6.26.0",
        "froala-editor": "^4.0.14",
        "vue": "2.6.6"
      },
      "engines": {
        "node": ">=6.9.0"
      }
    }
  },
  "dependencies": {
    "@babel/runtime-corejs2": {
      "version": "7.19.2",
      "resolved": "https://registry.npmjs.org/@babel/runtime-corejs2/-/runtime-corejs2-7.19.2.tgz",
      "integrity": "sha512-XofFIUXoVSuIabaED6ZNzvQ5iFzwQ3rnflnJTlMfmaZ9MHi+fmPk0iAwA6J6+8tC2UVshfyWPxIDmTKR+fRofA==",
      "requires": {
        "core-js": "^2.6.12",
        "regenerator-runtime": "^0.13.4"
      }
    },
    "babel-runtime": {
      "version": "6.26.0",
      "resolved": "https://registry.npmjs.org/babel-runtime/-/babel-runtime-6.26.0.tgz",
      "integrity": "sha512-ITKNuq2wKlW1fJg9sSW52eepoYgZBggvOAHC0u/CYu/qxQ9EVzThCgR69BnSXLHjy2f7SY5zaQ4yt7H9ZVxY2g==",
      "requires": {
        "core-js": "^2.4.0",
        "regenerator-runtime": "^0.11.0"
      },
      "dependencies": {
        "regenerator-runtime": {
          "version": "0.11.1",
          "resolved": "https://registry.npmjs.org/regenerator-runtime/-/regenerator-runtime-0.11.1.tgz",
          "integrity": "sha512-MguG95oij0fC3QV3URf4V2SDYGJhJnJGqvIIgdECeODCT98wSWDAJ94SSuVpYQUoTcGUIL6L4yNB7j1DFFHSBg=="
        }
      }
    },
    "core-js": {
      "version": "2.6.12",
      "resolved": "https://registry.npmjs.org/core-js/-/core-js-2.6.12.tgz",
      "integrity": "sha512-Kb2wC0fvsWfQrgk8HU5lW6U/Lcs8+9aaYcy4ZFc6DDlo4nZ7n70dEgE5rtR0oG6ufKDUnrwfWL1mXR5ljDatrQ=="
    },
    "fast-xml-parser": {
      "version": "4.0.9",
      "resolved": "https://registry.npmjs.org/fast-xml-parser/-/fast-xml-parser-4.0.9.tgz",
      "integrity": "sha512-4G8EzDg2Nb1Qurs3f7BpFV4+jpMVsdgLVuG1Uv8O2OHJfVCg7gcA53obuKbmVqzd4Y7YXVBK05oJG7hzGIdyzg==",
      "requires": {
        "strnum": "^1.0.5"
      }
    },
    "froala-editor": {
      "version": "4.0.14",
      "resolved": "https://registry.npmjs.org/froala-editor/-/froala-editor-4.0.14.tgz",
      "integrity": "sha512-TMOaFszxfwP+R6JBRyovumncZipAPFWBHO3cMEPu994kgchTlTG2/YF4P0MRBgOCvpL0WLDKUpFzqG4oZ+xr0A=="
    },
    "regenerator-runtime": {
      "version": "0.13.9",
      "resolved": "https://registry.npmjs.org/regenerator-runtime/-/regenerator-runtime-0.13.9.tgz",
      "integrity": "sha512-p3VT+cOEgxFsRRA9X4lkI1E+k2/CtnKtU4gcxyaCUreilL/vqI6CdZ3wxVUx3UOUg+gnUOQQcRI7BmSI656MYA=="
    },
    "strnum": {
      "version": "1.0.5",
      "resolved": "https://registry.npmjs.org/strnum/-/strnum-1.0.5.tgz",
      "integrity": "sha512-J8bbNyKKXl5qYcR36TIO8W3mVGVHrmmxsd5PAItGkmyzwJvybiw2IVq5nqd0i4LSNSkB/sx9VHllbfFdr9k1JA=="
    },
    "vue": {
      "version": "2.6.6",
      "resolved": "https://registry.npmjs.org/vue/-/vue-2.6.6.tgz",
      "integrity": "sha512-Y2DdOZD8sxApS+iUlwv1v8U1qN41kq6Kw45lM6nVZKhygeWA49q7VCCXkjXqeDBXgurrKWkYQ9cJeEJwAq0b9Q=="
    },
    "vue-froala-wysiwyg": {
      "version": "4.0.14",
      "resolved": "https://registry.npmjs.org/vue-froala-wysiwyg/-/vue-froala-wysiwyg-4.0.14.tgz",
      "integrity": "sha512-aqNFcg/XtEGhdr4Od5tRcbSplpf44+cDuFmJ+xCoTU2WItokRWs3iiZoni17mNFTWBt9W570ZYOZvCCKz1OtHw==",
      "requires": {
        "@babel/runtime-corejs2": "^7.7.7",
        "babel-runtime": "^6.26.0",
        "froala-editor": "^4.0.14",
        "vue": "2.6.6"
      }
    }
  }
}
